
Microsoft Visual Studio Solution File, Format Version 12.00
# Visual Studio Version 17
VisualStudioVersion = 17.4.33403.182
MinimumVisualStudioVersion = 10.0.40219.1
Project("{FAE04EC0-301F-11D3-BF4B-00C04F79EFBC}") = "FirstWebApiProj", "FirstWebApiProj\FirstWebApiProj.csproj", "{7D4DDAE3-55BF-4765-86B6-71115A71DE8D}"
EndProject
Global
	GlobalSection(SolutionConfigurationPlatforms) = preSolution
		Debug|Any CPU = Debug|Any CPU
		Release|Any CPU = Release|Any CPU
	EndGlobalSection
	GlobalSection(ProjectConfigurationPlatforms) = postSolution
		{7D4DDAE3-55BF-4765-86B6-71115A71DE8D}.Debug|Any CPU.ActiveCfg = Debug|Any CPU
		{7D4DDAE3-55BF-4765-86B6-71115A71DE8D}.Debug|Any CPU.Build.0 = Debug|Any CPU
		{7D4DDAE3-55BF-4765-86B6-71115A71DE8D}.Release|Any CPU.ActiveCfg = Release|Any CPU
		{7D4DDAE3-55BF-4765-86B6-71115A71DE8D}.Release|Any CPU.Build.0 = Release|Any CPU
	EndGlobalSection
	GlobalSection(SolutionProperties) = preSolution
		HideSolutionNode = FALSE
	EndGlobalSection
	GlobalSection(ExtensibilityGlobals) = postSolution
		SolutionGuid = {FABAC025-7788-47EB-B853-1061DC8CF712}
	EndGlobalSection
EndGlobal
